
Microsoft Visual Studio Solution File, Format Version 12.00
# Visual Studio Version 17
VisualStudioVersion = 17.10.34916.146
MinimumVisualStudioVersion = 10.0.40219.1
Project("{FAE04EC0-301F-11D3-BF4B-00C04F79EFBC}") = "PEview", "PEview.csproj", "{BCEEA125-CDBB-4E38-A518-98160187F11B}"
EndProject
Global
	GlobalSection(SolutionConfigurationPlatforms) = preSolution
		Debug|Any CPU = Debug|Any CPU
		Release|Any CPU = Release|Any CPU
	EndGlobalSection
	GlobalSection(ProjectConfigurationPlatforms) = postSolution
		{BCEEA125-CDBB-4E38-A518-98160187F11B}.Debug|Any CPU.ActiveCfg = Debug|Any CPU
		{BCEEA125-CDBB-4E38-A518-98160187F11B}.Debug|Any CPU.Build.0 = Debug|Any CPU
		{BCEEA125-CDBB-4E38-A518-98160187F11B}.Release|Any CPU.ActiveCfg = Release|Any CPU
		{BCEEA125-CDBB-4E38-A518-98160187F11B}.Release|Any CPU.Build.0 = Release|Any CPU
	EndGlobalSection
	GlobalSection(SolutionProperties) = preSolution
		HideSolutionNode = FALSE
	EndGlobalSection
	GlobalSection(ExtensibilityGlobals) = postSolution
		SolutionGuid = {18DED981-D6BD-42ED-AC7F-66F51962B19A}
	EndGlobalSection
EndGlobal
